
Microsoft Visual Studio Solution File, Format Version 12.00
# Visual Studio Version 17
VisualStudioVersion = 17.5.33530.505
MinimumVisualStudioVersion = 10.0.40219.1
Project("{9A19103F-16F7-4668-BE54-9A1E7A4F7556}") = "QuizBot_1.0", "QuizBot_1.0\QuizBot_1.0.csproj", "{7288CA78-45F1-4F02-B660-0EEA0DE5C3F8}"
EndProject
Project("{9A19103F-16F7-4668-BE54-9A1E7A4F7556}") = "QuizBot_2.0", "QuizBot_2.0\QuizBot_2.0.csproj", "{5B677585-A471-4587-BAA5-3075A7FA30FC}"
EndProject
Project("{9A19103F-16F7-4668-BE54-9A1E7A4F7556}") = "QuizBot_3.0", "QuizBot_3.0\QuizBot_3.0.csproj", "{C0E71156-8031-4268-A234-2869F5F056F6}"
EndProject
Project("{9A19103F-16F7-4668-BE54-9A1E7A4F7556}") = "QBManager", "QBManager\QBManager.csproj", "{EF42C9AC-D747-4894-930C-D2377E7FE970}"
EndProject
Project("{54435603-DBB4-11D2-8724-00A0C9A8B90C}") = "TBotSetup", "TBotSetup\TBotSetup.vdproj", "{EFEBCBBE-7D35-4131-ADFB-E6CA1844C6AF}"
EndProject
Global
	GlobalSection(SolutionConfigurationPlatforms) = preSolution
		Debug|Any CPU = Debug|Any CPU
		Release|Any CPU = Release|Any CPU
	EndGlobalSection
	GlobalSection(ProjectConfigurationPlatforms) = postSolution
		{7288CA78-45F1-4F02-B660-0EEA0DE5C3F8}.Debug|Any CPU.ActiveCfg = Debug|Any CPU
		{7288CA78-45F1-4F02-B660-0EEA0DE5C3F8}.Debug|Any CPU.Build.0 = Debug|Any CPU
		{7288CA78-45F1-4F02-B660-0EEA0DE5C3F8}.Release|Any CPU.ActiveCfg = Debug|Any CPU
		{7288CA78-45F1-4F02-B660-0EEA0DE5C3F8}.Release|Any CPU.Build.0 = Debug|Any CPU
		{5B677585-A471-4587-BAA5-3075A7FA30FC}.Debug|Any CPU.ActiveCfg = Debug|Any CPU
		{5B677585-A471-4587-BAA5-3075A7FA30FC}.Debug|Any CPU.Build.0 = Debug|Any CPU
		{5B677585-A471-4587-BAA5-3075A7FA30FC}.Release|Any CPU.ActiveCfg = Debug|Any CPU
		{5B677585-A471-4587-BAA5-3075A7FA30FC}.Release|Any CPU.Build.0 = Debug|Any CPU
		{C0E71156-8031-4268-A234-2869F5F056F6}.Debug|Any CPU.ActiveCfg = Debug|Any CPU
		{C0E71156-8031-4268-A234-2869F5F056F6}.Debug|Any CPU.Build.0 = Debug|Any CPU
		{C0E71156-8031-4268-A234-2869F5F056F6}.Release|Any CPU.ActiveCfg = Release|Any CPU
		{C0E71156-8031-4268-A234-2869F5F056F6}.Release|Any CPU.Build.0 = Release|Any CPU
		{EF42C9AC-D747-4894-930C-D2377E7FE970}.Debug|Any CPU.ActiveCfg = Debug|Any CPU
		{EF42C9AC-D747-4894-930C-D2377E7FE970}.Debug|Any CPU.Build.0 = Debug|Any CPU
		{EF42C9AC-D747-4894-930C-D2377E7FE970}.Release|Any CPU.ActiveCfg = Release|Any CPU
		{EF42C9AC-D747-4894-930C-D2377E7FE970}.Release|Any CPU.Build.0 = Release|Any CPU
		{EFEBCBBE-7D35-4131-ADFB-E6CA1844C6AF}.Debug|Any CPU.ActiveCfg = Debug
		{EFEBCBBE-7D35-4131-ADFB-E6CA1844C6AF}.Release|Any CPU.ActiveCfg = Release
	EndGlobalSection
	GlobalSection(SolutionProperties) = preSolution
		HideSolutionNode = FALSE
	EndGlobalSection
	GlobalSection(ExtensibilityGlobals) = postSolution
		SolutionGuid = {83A9643D-FD77-40DF-BDC7-DE7364B7952E}
	EndGlobalSection
EndGlobal
